
Microsoft Visual Studio Solution File, Format Version 12.00
# Visual Studio 15
VisualStudioVersion = 15.0.28010.2036
MinimumVisualStudioVersion = 10.0.40219.1
Project("{9A19103F-16F7-4668-BE54-9A1E7A4F7556}") = "ll_merge", "ll_merge\ll_merge.csproj", "{DA78DC73-5DA3-4A0B-B124-B0075B75A130}"
EndProject
Project("{FAE04EC0-301F-11D3-BF4B-00C04F79EFBC}") = "ll_merge_test", "ll_merge_test\ll_merge_test.csproj", "{ADF8ECA7-3465-41CA-BEA6-698745635194}"
EndProject
Global
	GlobalSection(SolutionConfigurationPlatforms) = preSolution
		Debug|Any CPU = Debug|Any CPU
		Release|Any CPU = Release|Any CPU
	EndGlobalSection
	GlobalSection(ProjectConfigurationPlatforms) = postSolution
		{DA78DC73-5DA3-4A0B-B124-B0075B75A130}.Debug|Any CPU.ActiveCfg = Debug|Any CPU
		{DA78DC73-5DA3-4A0B-B124-B0075B75A130}.Debug|Any CPU.Build.0 = Debug|Any CPU
		{DA78DC73-5DA3-4A0B-B124-B0075B75A130}.Release|Any CPU.ActiveCfg = Release|Any CPU
		{DA78DC73-5DA3-4A0B-B124-B0075B75A130}.Release|Any CPU.Build.0 = Release|Any CPU
		{ADF8ECA7-3465-41CA-BEA6-698745635194}.Debug|Any CPU.ActiveCfg = Debug|Any CPU
		{ADF8ECA7-3465-41CA-BEA6-698745635194}.Debug|Any CPU.Build.0 = Debug|Any CPU
		{ADF8ECA7-3465-41CA-BEA6-698745635194}.Release|Any CPU.ActiveCfg = Release|Any CPU
		{ADF8ECA7-3465-41CA-BEA6-698745635194}.Release|Any CPU.Build.0 = Release|Any CPU
	EndGlobalSection
	GlobalSection(SolutionProperties) = preSolution
		HideSolutionNode = FALSE
	EndGlobalSection
	GlobalSection(ExtensibilityGlobals) = postSolution
		SolutionGuid = {CE25B46B-CFC6-4E45-A227-398208088752}
	EndGlobalSection
EndGlobal
