
Microsoft Visual Studio Solution File, Format Version 12.00
# Visual Studio 15
VisualStudioVersion = 15.0.28010.2036
MinimumVisualStudioVersion = 10.0.40219.1
Project("{9A19103F-16F7-4668-BE54-9A1E7A4F7556}") = "Multi_Bracket_Validation", "Multi_Bracket_Validation\Multi_Bracket_Validation.csproj", "{A2502403-F891-4C85-AF2C-4993E899A0B5}"
EndProject
Project("{FAE04EC0-301F-11D3-BF4B-00C04F79EFBC}") = "Bracket_Validation_Test", "Bracket_Validation_Test\Bracket_Validation_Test.csproj", "{80E39A01-5B4F-4D71-BF23-CE7BDF93E125}"
EndProject
Global
	GlobalSection(SolutionConfigurationPlatforms) = preSolution
		Debug|Any CPU = Debug|Any CPU
		Release|Any CPU = Release|Any CPU
	EndGlobalSection
	GlobalSection(ProjectConfigurationPlatforms) = postSolution
		{A2502403-F891-4C85-AF2C-4993E899A0B5}.Debug|Any CPU.ActiveCfg = Debug|Any CPU
		{A2502403-F891-4C85-AF2C-4993E899A0B5}.Debug|Any CPU.Build.0 = Debug|Any CPU
		{A2502403-F891-4C85-AF2C-4993E899A0B5}.Release|Any CPU.ActiveCfg = Release|Any CPU
		{A2502403-F891-4C85-AF2C-4993E899A0B5}.Release|Any CPU.Build.0 = Release|Any CPU
		{80E39A01-5B4F-4D71-BF23-CE7BDF93E125}.Debug|Any CPU.ActiveCfg = Debug|Any CPU
		{80E39A01-5B4F-4D71-BF23-CE7BDF93E125}.Debug|Any CPU.Build.0 = Debug|Any CPU
		{80E39A01-5B4F-4D71-BF23-CE7BDF93E125}.Release|Any CPU.ActiveCfg = Release|Any CPU
		{80E39A01-5B4F-4D71-BF23-CE7BDF93E125}.Release|Any CPU.Build.0 = Release|Any CPU
	EndGlobalSection
	GlobalSection(SolutionProperties) = preSolution
		HideSolutionNode = FALSE
	EndGlobalSection
	GlobalSection(ExtensibilityGlobals) = postSolution
		SolutionGuid = {422F47E9-9E7D-4AB6-8136-394455BF1DA5}
	EndGlobalSection
EndGlobal
