
Microsoft Visual Studio Solution File, Format Version 12.00
# Visual Studio 15
VisualStudioVersion = 15.0.28010.2041
MinimumVisualStudioVersion = 10.0.40219.1
Project("{FAE04EC0-301F-11D3-BF4B-00C04F79EFBC}") = "ReverseLinkedList", "ReverseLinkedList\ReverseLinkedList.csproj", "{A1FE9B09-8618-49DE-90A3-3FC1C6A315B5}"
EndProject
Global
	GlobalSection(SolutionConfigurationPlatforms) = preSolution
		Debug|Any CPU = Debug|Any CPU
		Release|Any CPU = Release|Any CPU
	EndGlobalSection
	GlobalSection(ProjectConfigurationPlatforms) = postSolution
		{A1FE9B09-8618-49DE-90A3-3FC1C6A315B5}.Debug|Any CPU.ActiveCfg = Debug|Any CPU
		{A1FE9B09-8618-49DE-90A3-3FC1C6A315B5}.Debug|Any CPU.Build.0 = Debug|Any CPU
		{A1FE9B09-8618-49DE-90A3-3FC1C6A315B5}.Release|Any CPU.ActiveCfg = Release|Any CPU
		{A1FE9B09-8618-49DE-90A3-3FC1C6A315B5}.Release|Any CPU.Build.0 = Release|Any CPU
	EndGlobalSection
	GlobalSection(SolutionProperties) = preSolution
		HideSolutionNode = FALSE
	EndGlobalSection
	GlobalSection(ExtensibilityGlobals) = postSolution
		SolutionGuid = {8841AA1D-9E25-45CE-A568-360118402C46}
	EndGlobalSection
EndGlobal
